
Microsoft Visual Studio Solution File, Format Version 12.00
# Visual Studio Version 16
VisualStudioVersion = 16.0.28803.202
MinimumVisualStudioVersion = 10.0.40219.1
Project("{FAE04EC0-301F-11D3-BF4B-00C04F79EFBC}") = "WeatherApp.Android", "WeatherApp\WeatherApp.Android\WeatherApp.Android.csproj", "{15D9A6FB-77B5-4D8C-8743-A10F77558699}"
EndProject
Project("{FAE04EC0-301F-11D3-BF4B-00C04F79EFBC}") = "WeatherApp.iOS", "WeatherApp\WeatherApp.iOS\WeatherApp.iOS.csproj", "{211CF07F-D047-459E-AA73-EFAFC521B10F}"
EndProject
Project("{FAE04EC0-301F-11D3-BF4B-00C04F79EFBC}") = "WeatherApp", "WeatherApp\WeatherApp\WeatherApp.csproj", "{EBDB62B3-FC97-436E-AE55-AF9C09911541}"
EndProject
Global
	GlobalSection(SolutionConfigurationPlatforms) = preSolution
		Debug|Any CPU = Debug|Any CPU
		Debug|iPhone = Debug|iPhone
		Debug|iPhoneSimulator = Debug|iPhoneSimulator
		Release|Any CPU = Release|Any CPU
		Release|iPhone = Release|iPhone
		Release|iPhoneSimulator = Release|iPhoneSimulator
	EndGlobalSection
	GlobalSection(ProjectConfigurationPlatforms) = postSolution
		{15D9A6FB-77B5-4D8C-8743-A10F77558699}.Debug|Any CPU.ActiveCfg = Debug|Any CPU
		{15D9A6FB-77B5-4D8C-8743-A10F77558699}.Debug|Any CPU.Build.0 = Debug|Any CPU
		{15D9A6FB-77B5-4D8C-8743-A10F77558699}.Debug|Any CPU.Deploy.0 = Debug|Any CPU
		{15D9A6FB-77B5-4D8C-8743-A10F77558699}.Debug|iPhone.ActiveCfg = Debug|Any CPU
		{15D9A6FB-77B5-4D8C-8743-A10F77558699}.Debug|iPhone.Build.0 = Debug|Any CPU
		{15D9A6FB-77B5-4D8C-8743-A10F77558699}.Debug|iPhone.Deploy.0 = Debug|Any CPU
		{15D9A6FB-77B5-4D8C-8743-A10F77558699}.Debug|iPhoneSimulator.ActiveCfg = Debug|Any CPU
		{15D9A6FB-77B5-4D8C-8743-A10F77558699}.Debug|iPhoneSimulator.Build.0 = Debug|Any CPU
		{15D9A6FB-77B5-4D8C-8743-A10F77558699}.Debug|iPhoneSimulator.Deploy.0 = Debug|Any CPU
		{15D9A6FB-77B5-4D8C-8743-A10F77558699}.Release|Any CPU.ActiveCfg = Release|Any CPU
		{15D9A6FB-77B5-4D8C-8743-A10F77558699}.Release|Any CPU.Build.0 = Release|Any CPU
		{15D9A6FB-77B5-4D8C-8743-A10F77558699}.Release|Any CPU.Deploy.0 = Release|Any CPU
		{15D9A6FB-77B5-4D8C-8743-A10F77558699}.Release|iPhone.ActiveCfg = Release|Any CPU
		{15D9A6FB-77B5-4D8C-8743-A10F77558699}.Release|iPhone.Build.0 = Release|Any CPU
		{15D9A6FB-77B5-4D8C-8743-A10F77558699}.Release|iPhone.Deploy.0 = Release|Any CPU
		{15D9A6FB-77B5-4D8C-8743-A10F77558699}.Release|iPhoneSimulator.ActiveCfg = Release|Any CPU
		{15D9A6FB-77B5-4D8C-8743-A10F77558699}.Release|iPhoneSimulator.Build.0 = Release|Any CPU
		{15D9A6FB-77B5-4D8C-8743-A10F77558699}.Release|iPhoneSimulator.Deploy.0 = Release|Any CPU
		{211CF07F-D047-459E-AA73-EFAFC521B10F}.Debug|Any CPU.ActiveCfg = Debug|iPhoneSimulator
		{211CF07F-D047-459E-AA73-EFAFC521B10F}.Debug|Any CPU.Build.0 = Debug|iPhoneSimulator
		{211CF07F-D047-459E-AA73-EFAFC521B10F}.Debug|Any CPU.Deploy.0 = Debug|iPhoneSimulator
		{211CF07F-D047-459E-AA73-EFAFC521B10F}.Debug|iPhone.ActiveCfg = Debug|iPhone
		{211CF07F-D047-459E-AA73-EFAFC521B10F}.Debug|iPhone.Build.0 = Debug|iPhone
		{211CF07F-D047-459E-AA73-EFAFC521B10F}.Debug|iPhone.Deploy.0 = Debug|iPhone
		{211CF07F-D047-459E-AA73-EFAFC521B10F}.Debug|iPhoneSimulator.ActiveCfg = Debug|iPhoneSimulator
		{211CF07F-D047-459E-AA73-EFAFC521B10F}.Debug|iPhoneSimulator.Build.0 = Debug|iPhoneSimulator
		{211CF07F-D047-459E-AA73-EFAFC521B10F}.Debug|iPhoneSimulator.Deploy.0 = Debug|iPhoneSimulator
		{211CF07F-D047-459E-AA73-EFAFC521B10F}.Release|Any CPU.ActiveCfg = Release|iPhone
		{211CF07F-D047-459E-AA73-EFAFC521B10F}.Release|Any CPU.Build.0 = Release|iPhone
		{211CF07F-D047-459E-AA73-EFAFC521B10F}.Release|Any CPU.Deploy.0 = Release|iPhone
		{211CF07F-D047-459E-AA73-EFAFC521B10F}.Release|iPhone.ActiveCfg = Release|iPhone
		{211CF07F-D047-459E-AA73-EFAFC521B10F}.Release|iPhone.Build.0 = Release|iPhone
		{211CF07F-D047-459E-AA73-EFAFC521B10F}.Release|iPhone.Deploy.0 = Release|iPhone
		{211CF07F-D047-459E-AA73-EFAFC521B10F}.Release|iPhoneSimulator.ActiveCfg = Release|iPhoneSimulator
		{211CF07F-D047-459E-AA73-EFAFC521B10F}.Release|iPhoneSimulator.Build.0 = Release|iPhoneSimulator
		{211CF07F-D047-459E-AA73-EFAFC521B10F}.Release|iPhoneSimulator.Deploy.0 = Release|iPhoneSimulator
		{EBDB62B3-FC97-436E-AE55-AF9C09911541}.Debug|Any CPU.ActiveCfg = Debug|Any CPU
		{EBDB62B3-FC97-436E-AE55-AF9C09911541}.Debug|Any CPU.Build.0 = Debug|Any CPU
		{EBDB62B3-FC97-436E-AE55-AF9C09911541}.Debug|Any CPU.Deploy.0 = Debug|Any CPU
		{EBDB62B3-FC97-436E-AE55-AF9C09911541}.Debug|iPhone.ActiveCfg = Debug|Any CPU
		{EBDB62B3-FC97-436E-AE55-AF9C09911541}.Debug|iPhone.Build.0 = Debug|Any CPU
		{EBDB62B3-FC97-436E-AE55-AF9C09911541}.Debug|iPhone.Deploy.0 = Debug|Any CPU
		{EBDB62B3-FC97-436E-AE55-AF9C09911541}.Debug|iPhoneSimulator.ActiveCfg = Debug|Any CPU
		{EBDB62B3-FC97-436E-AE55-AF9C09911541}.Debug|iPhoneSimulator.Build.0 = Debug|Any CPU
		{EBDB62B3-FC97-436E-AE55-AF9C09911541}.Debug|iPhoneSimulator.Deploy.0 = Debug|Any CPU
		{EBDB62B3-FC97-436E-AE55-AF9C09911541}.Release|Any CPU.ActiveCfg = Release|Any CPU
		{EBDB62B3-FC97-436E-AE55-AF9C09911541}.Release|Any CPU.Build.0 = Release|Any CPU
		{EBDB62B3-FC97-436E-AE55-AF9C09911541}.Release|Any CPU.Deploy.0 = Release|Any CPU
		{EBDB62B3-FC97-436E-AE55-AF9C09911541}.Release|iPhone.ActiveCfg = Release|Any CPU
		{EBDB62B3-FC97-436E-AE55-AF9C09911541}.Release|iPhone.Build.0 = Release|Any CPU
		{EBDB62B3-FC97-436E-AE55-AF9C09911541}.Release|iPhone.Deploy.0 = Release|Any CPU
		{EBDB62B3-FC97-436E-AE55-AF9C09911541}.Release|iPhoneSimulator.ActiveCfg = Release|Any CPU
		{EBDB62B3-FC97-436E-AE55-AF9C09911541}.Release|iPhoneSimulator.Build.0 = Release|Any CPU
		{EBDB62B3-FC97-436E-AE55-AF9C09911541}.Release|iPhoneSimulator.Deploy.0 = Release|Any CPU
	EndGlobalSection
	GlobalSection(SolutionProperties) = preSolution
		HideSolutionNode = FALSE
	EndGlobalSection
	GlobalSection(ExtensibilityGlobals) = postSolution
		SolutionGuid = {87717C83-D650-4895-AC1B-5EA61C2E43DB}
	EndGlobalSection
EndGlobal
